
Microsoft Visual Studio Solution File, Format Version 12.00
# Visual Studio Version 17
VisualStudioVersion = 17.0.31912.275
MinimumVisualStudioVersion = 10.0.40219.1
Project("{9A19103F-16F7-4668-BE54-9A1E7A4F7556}") = "RandomQuestionPicker", "RandomQuestionPicker\RandomQuestionPicker.csproj", "{43C59C9E-93CD-415B-816F-907DB2BE4631}"
EndProject
Project("{2150E333-8FDC-42A3-9474-1A3956D46DE8}") = "0- Core", "0- Core", "{46D7521E-0803-4C1D-B155-06C905C931FA}"
EndProject
Project("{2150E333-8FDC-42A3-9474-1A3956D46DE8}") = "3- Parsers", "3- Parsers", "{154C2A33-3A97-4F4F-9A3C-146274DB34C2}"
EndProject
Project("{9A19103F-16F7-4668-BE54-9A1E7A4F7556}") = "SingleLineParser", "SingleLineParser\SingleLineParser.csproj", "{5CA7B288-106D-41DC-ABB4-BE68874A041B}"
EndProject
Project("{2150E333-8FDC-42A3-9474-1A3956D46DE8}") = "1- Storage", "1- Storage", "{70A990D7-E782-477E-91A9-5002BA47E77C}"
EndProject
Project("{9A19103F-16F7-4668-BE54-9A1E7A4F7556}") = "LocalStorage", "LocalStorage\LocalStorage.csproj", "{05C7CDD6-75D8-40B3-8992-9CB34101F90D}"
EndProject
Project("{9A19103F-16F7-4668-BE54-9A1E7A4F7556}") = "AzureStorage", "AzureStorage\AzureStorage.csproj", "{02A570AD-0714-41C6-A0BD-A2285A51BED6}"
EndProject
Project("{2150E333-8FDC-42A3-9474-1A3956D46DE8}") = "4- Quiz Factory", "4- Quiz Factory", "{A3188745-6876-46F4-AB67-7865DD27C54C}"
EndProject
Project("{9A19103F-16F7-4668-BE54-9A1E7A4F7556}") = "QuizFactory", "QuizFactory\QuizFactory.csproj", "{AB536DA4-577F-4BF8-BA97-5E50F2ADAF42}"
EndProject
Project("{2150E333-8FDC-42A3-9474-1A3956D46DE8}") = "2- Quiz", "2- Quiz", "{1C4211DC-5647-449F-8AEB-D58D4733235A}"
EndProject
Project("{9A19103F-16F7-4668-BE54-9A1E7A4F7556}") = "Quiz", "Quiz\Quiz.csproj", "{24CD555D-DBAA-46DA-B87F-3A4A5EB40F53}"
EndProject
Project("{2150E333-8FDC-42A3-9474-1A3956D46DE8}") = "5- Question Picker", "5- Question Picker", "{80E23943-7671-4945-BBEA-23E1E613685F}"
EndProject
Project("{9A19103F-16F7-4668-BE54-9A1E7A4F7556}") = "LocalQuizTester", "QuizTester\LocalQuizTester.csproj", "{160A7355-DE9B-4E39-81C9-90AC33227193}"
EndProject
Project("{2150E333-8FDC-42A3-9474-1A3956D46DE8}") = "7- MseeqU Console Tester", "7- MseeqU Console Tester", "{310E729B-A422-42A6-B9FE-1F5F28D03C79}"
EndProject
Project("{9A19103F-16F7-4668-BE54-9A1E7A4F7556}") = "AzureQuizTester", "AzureQuizTester\AzureQuizTester.csproj", "{3BBDBFE6-C0CE-4F4C-B10D-AA31DF026A50}"
EndProject
Project("{2150E333-8FDC-42A3-9474-1A3956D46DE8}") = "8- Telegram Bot", "8- Telegram Bot", "{F378C8E5-8F48-46EF-A069-0CD61D82CD29}"
EndProject
Project("{2150E333-8FDC-42A3-9474-1A3956D46DE8}") = "9- MseeqU Bot", "9- MseeqU Bot", "{8E371C29-7FB7-433A-8CDB-84CBCA4FE8E1}"
EndProject
Project("{9A19103F-16F7-4668-BE54-9A1E7A4F7556}") = "LocalMseeqUBot", "QuizzerBot\LocalMseeqUBot.csproj", "{2EC31B2C-4FB6-4E61-BAC4-B1C9CB9E48FA}"
EndProject
Project("{2150E333-8FDC-42A3-9474-1A3956D46DE8}") = "Solution Items", "Solution Items", "{783AC6A3-1342-487F-A1CA-D86C3E508CEE}"
	ProjectSection(SolutionItems) = preProject
		Readme.md = Readme.md
	EndProjectSection
EndProject
Project("{2150E333-8FDC-42A3-9474-1A3956D46DE8}") = "6- MseeqU", "6- MseeqU", "{0D8CDC5A-0601-4B60-828C-274D5D4746E7}"
EndProject
Project("{9A19103F-16F7-4668-BE54-9A1E7A4F7556}") = "MseeqU", "MseeqU\MseeqU.csproj", "{27CAE355-5BD7-4BF3-9A8D-9B6C9EE1904E}"
EndProject
Project("{9A19103F-16F7-4668-BE54-9A1E7A4F7556}") = "AzureMseeqUBot", "AzureMseeqUBot\AzureMseeqUBot.csproj", "{D3D5AC2E-91DA-4F96-A456-6EC6734A26C1}"
EndProject
Project("{9A19103F-16F7-4668-BE54-9A1E7A4F7556}") = "FileSystemWatcherMseeqUBot", "FileSystemWatcherMseeqUBot\FileSystemWatcherMseeqUBot.csproj", "{B67ED19C-2A23-4ACD-8D61-723DA6644596}"
EndProject
Project("{9A19103F-16F7-4668-BE54-9A1E7A4F7556}") = "MultilineParser", "MultilineParser\MultilineParser.csproj", "{F7F3DFA6-D5AD-440E-A2CE-F6AD0020B5E9}"
EndProject
Project("{9A19103F-16F7-4668-BE54-9A1E7A4F7556}") = "TelegramBot", "TelegramBot\TelegramBot.csproj", "{6EB6DB08-3F24-4417-896E-BB071D0AC957}"
EndProject
Project("{9A19103F-16F7-4668-BE54-9A1E7A4F7556}") = "MseeqU.Core", "MseeqU.Core\MseeqU.Core.csproj", "{C10ACC55-D050-4173-B636-01857989B2F5}"
EndProject
Global
	GlobalSection(SolutionConfigurationPlatforms) = preSolution
		Debug|Any CPU = Debug|Any CPU
		Release|Any CPU = Release|Any CPU
	EndGlobalSection
	GlobalSection(ProjectConfigurationPlatforms) = postSolution
		{43C59C9E-93CD-415B-816F-907DB2BE4631}.Debug|Any CPU.ActiveCfg = Debug|Any CPU
		{43C59C9E-93CD-415B-816F-907DB2BE4631}.Debug|Any CPU.Build.0 = Debug|Any CPU
		{43C59C9E-93CD-415B-816F-907DB2BE4631}.Release|Any CPU.ActiveCfg = Release|Any CPU
		{43C59C9E-93CD-415B-816F-907DB2BE4631}.Release|Any CPU.Build.0 = Release|Any CPU
		{5CA7B288-106D-41DC-ABB4-BE68874A041B}.Debug|Any CPU.ActiveCfg = Debug|Any CPU
		{5CA7B288-106D-41DC-ABB4-BE68874A041B}.Debug|Any CPU.Build.0 = Debug|Any CPU
		{5CA7B288-106D-41DC-ABB4-BE68874A041B}.Release|Any CPU.ActiveCfg = Release|Any CPU
		{5CA7B288-106D-41DC-ABB4-BE68874A041B}.Release|Any CPU.Build.0 = Release|Any CPU
		{05C7CDD6-75D8-40B3-8992-9CB34101F90D}.Debug|Any CPU.ActiveCfg = Debug|Any CPU
		{05C7CDD6-75D8-40B3-8992-9CB34101F90D}.Debug|Any CPU.Build.0 = Debug|Any CPU
		{05C7CDD6-75D8-40B3-8992-9CB34101F90D}.Release|Any CPU.ActiveCfg = Release|Any CPU
		{05C7CDD6-75D8-40B3-8992-9CB34101F90D}.Release|Any CPU.Build.0 = Release|Any CPU
		{02A570AD-0714-41C6-A0BD-A2285A51BED6}.Debug|Any CPU.ActiveCfg = Debug|Any CPU
		{02A570AD-0714-41C6-A0BD-A2285A51BED6}.Debug|Any CPU.Build.0 = Debug|Any CPU
		{02A570AD-0714-41C6-A0BD-A2285A51BED6}.Release|Any CPU.ActiveCfg = Release|Any CPU
		{02A570AD-0714-41C6-A0BD-A2285A51BED6}.Release|Any CPU.Build.0 = Release|Any CPU
		{AB536DA4-577F-4BF8-BA97-5E50F2ADAF42}.Debug|Any CPU.ActiveCfg = Debug|Any CPU
		{AB536DA4-577F-4BF8-BA97-5E50F2ADAF42}.Debug|Any CPU.Build.0 = Debug|Any CPU
		{AB536DA4-577F-4BF8-BA97-5E50F2ADAF42}.Release|Any CPU.ActiveCfg = Release|Any CPU
		{AB536DA4-577F-4BF8-BA97-5E50F2ADAF42}.Release|Any CPU.Build.0 = Release|Any CPU
		{24CD555D-DBAA-46DA-B87F-3A4A5EB40F53}.Debug|Any CPU.ActiveCfg = Debug|Any CPU
		{24CD555D-DBAA-46DA-B87F-3A4A5EB40F53}.Debug|Any CPU.Build.0 = Debug|Any CPU
		{24CD555D-DBAA-46DA-B87F-3A4A5EB40F53}.Release|Any CPU.ActiveCfg = Release|Any CPU
		{24CD555D-DBAA-46DA-B87F-3A4A5EB40F53}.Release|Any CPU.Build.0 = Release|Any CPU
		{160A7355-DE9B-4E39-81C9-90AC33227193}.Debug|Any CPU.ActiveCfg = Debug|Any CPU
		{160A7355-DE9B-4E39-81C9-90AC33227193}.Debug|Any CPU.Build.0 = Debug|Any CPU
		{160A7355-DE9B-4E39-81C9-90AC33227193}.Release|Any CPU.ActiveCfg = Release|Any CPU
		{160A7355-DE9B-4E39-81C9-90AC33227193}.Release|Any CPU.Build.0 = Release|Any CPU
		{3BBDBFE6-C0CE-4F4C-B10D-AA31DF026A50}.Debug|Any CPU.ActiveCfg = Debug|Any CPU
		{3BBDBFE6-C0CE-4F4C-B10D-AA31DF026A50}.Debug|Any CPU.Build.0 = Debug|Any CPU
		{3BBDBFE6-C0CE-4F4C-B10D-AA31DF026A50}.Release|Any CPU.ActiveCfg = Release|Any CPU
		{3BBDBFE6-C0CE-4F4C-B10D-AA31DF026A50}.Release|Any CPU.Build.0 = Release|Any CPU
		{2EC31B2C-4FB6-4E61-BAC4-B1C9CB9E48FA}.Debug|Any CPU.ActiveCfg = Debug|Any CPU
		{2EC31B2C-4FB6-4E61-BAC4-B1C9CB9E48FA}.Debug|Any CPU.Build.0 = Debug|Any CPU
		{2EC31B2C-4FB6-4E61-BAC4-B1C9CB9E48FA}.Release|Any CPU.ActiveCfg = Release|Any CPU
		{2EC31B2C-4FB6-4E61-BAC4-B1C9CB9E48FA}.Release|Any CPU.Build.0 = Release|Any CPU
		{27CAE355-5BD7-4BF3-9A8D-9B6C9EE1904E}.Debug|Any CPU.ActiveCfg = Debug|Any CPU
		{27CAE355-5BD7-4BF3-9A8D-9B6C9EE1904E}.Debug|Any CPU.Build.0 = Debug|Any CPU
		{27CAE355-5BD7-4BF3-9A8D-9B6C9EE1904E}.Release|Any CPU.ActiveCfg = Release|Any CPU
		{27CAE355-5BD7-4BF3-9A8D-9B6C9EE1904E}.Release|Any CPU.Build.0 = Release|Any CPU
		{D3D5AC2E-91DA-4F96-A456-6EC6734A26C1}.Debug|Any CPU.ActiveCfg = Debug|Any CPU
		{D3D5AC2E-91DA-4F96-A456-6EC6734A26C1}.Debug|Any CPU.Build.0 = Debug|Any CPU
		{D3D5AC2E-91DA-4F96-A456-6EC6734A26C1}.Release|Any CPU.ActiveCfg = Release|Any CPU
		{D3D5AC2E-91DA-4F96-A456-6EC6734A26C1}.Release|Any CPU.Build.0 = Release|Any CPU
		{B67ED19C-2A23-4ACD-8D61-723DA6644596}.Debug|Any CPU.ActiveCfg = Debug|Any CPU
		{B67ED19C-2A23-4ACD-8D61-723DA6644596}.Debug|Any CPU.Build.0 = Debug|Any CPU
		{B67ED19C-2A23-4ACD-8D61-723DA6644596}.Release|Any CPU.ActiveCfg = Release|Any CPU
		{B67ED19C-2A23-4ACD-8D61-723DA6644596}.Release|Any CPU.Build.0 = Release|Any CPU
		{F7F3DFA6-D5AD-440E-A2CE-F6AD0020B5E9}.Debug|Any CPU.ActiveCfg = Debug|Any CPU
		{F7F3DFA6-D5AD-440E-A2CE-F6AD0020B5E9}.Debug|Any CPU.Build.0 = Debug|Any CPU
		{F7F3DFA6-D5AD-440E-A2CE-F6AD0020B5E9}.Release|Any CPU.ActiveCfg = Release|Any CPU
		{F7F3DFA6-D5AD-440E-A2CE-F6AD0020B5E9}.Release|Any CPU.Build.0 = Release|Any CPU
		{6EB6DB08-3F24-4417-896E-BB071D0AC957}.Debug|Any CPU.ActiveCfg = Debug|Any CPU
		{6EB6DB08-3F24-4417-896E-BB071D0AC957}.Debug|Any CPU.Build.0 = Debug|Any CPU
		{6EB6DB08-3F24-4417-896E-BB071D0AC957}.Release|Any CPU.ActiveCfg = Release|Any CPU
		{6EB6DB08-3F24-4417-896E-BB071D0AC957}.Release|Any CPU.Build.0 = Release|Any CPU
		{C10ACC55-D050-4173-B636-01857989B2F5}.Debug|Any CPU.ActiveCfg = Debug|Any CPU
		{C10ACC55-D050-4173-B636-01857989B2F5}.Debug|Any CPU.Build.0 = Debug|Any CPU
		{C10ACC55-D050-4173-B636-01857989B2F5}.Release|Any CPU.ActiveCfg = Release|Any CPU
		{C10ACC55-D050-4173-B636-01857989B2F5}.Release|Any CPU.Build.0 = Release|Any CPU
	EndGlobalSection
	GlobalSection(SolutionProperties) = preSolution
		HideSolutionNode = FALSE
	EndGlobalSection
	GlobalSection(NestedProjects) = preSolution
		{43C59C9E-93CD-415B-816F-907DB2BE4631} = {80E23943-7671-4945-BBEA-23E1E613685F}
		{5CA7B288-106D-41DC-ABB4-BE68874A041B} = {154C2A33-3A97-4F4F-9A3C-146274DB34C2}
		{05C7CDD6-75D8-40B3-8992-9CB34101F90D} = {70A990D7-E782-477E-91A9-5002BA47E77C}
		{02A570AD-0714-41C6-A0BD-A2285A51BED6} = {70A990D7-E782-477E-91A9-5002BA47E77C}
		{AB536DA4-577F-4BF8-BA97-5E50F2ADAF42} = {A3188745-6876-46F4-AB67-7865DD27C54C}
		{24CD555D-DBAA-46DA-B87F-3A4A5EB40F53} = {1C4211DC-5647-449F-8AEB-D58D4733235A}
		{160A7355-DE9B-4E39-81C9-90AC33227193} = {310E729B-A422-42A6-B9FE-1F5F28D03C79}
		{3BBDBFE6-C0CE-4F4C-B10D-AA31DF026A50} = {310E729B-A422-42A6-B9FE-1F5F28D03C79}
		{2EC31B2C-4FB6-4E61-BAC4-B1C9CB9E48FA} = {8E371C29-7FB7-433A-8CDB-84CBCA4FE8E1}
		{27CAE355-5BD7-4BF3-9A8D-9B6C9EE1904E} = {0D8CDC5A-0601-4B60-828C-274D5D4746E7}
		{D3D5AC2E-91DA-4F96-A456-6EC6734A26C1} = {8E371C29-7FB7-433A-8CDB-84CBCA4FE8E1}
		{B67ED19C-2A23-4ACD-8D61-723DA6644596} = {8E371C29-7FB7-433A-8CDB-84CBCA4FE8E1}
		{F7F3DFA6-D5AD-440E-A2CE-F6AD0020B5E9} = {154C2A33-3A97-4F4F-9A3C-146274DB34C2}
		{6EB6DB08-3F24-4417-896E-BB071D0AC957} = {F378C8E5-8F48-46EF-A069-0CD61D82CD29}
		{C10ACC55-D050-4173-B636-01857989B2F5} = {46D7521E-0803-4C1D-B155-06C905C931FA}
	EndGlobalSection
	GlobalSection(ExtensibilityGlobals) = postSolution
		SolutionGuid = {0B4A49A7-EE3D-4391-9414-29E85092844E}
	EndGlobalSection
EndGlobal
